
Microsoft Visual Studio Solution File, Format Version 12.00
# Visual Studio Version 16
VisualStudioVersion = 16.0.29215.179
MinimumVisualStudioVersion = 10.0.40219.1
Project("{FAE04EC0-301F-11D3-BF4B-00C04F79EFBC}") = "Targets", "Targets.csproj", "{4995E27A-30F1-44EA-BE4F-D854EAC6062D}"
EndProject
Global
	GlobalSection(SolutionConfigurationPlatforms) = preSolution
		Debug|Any CPU = Debug|Any CPU
		Release|Any CPU = Release|Any CPU
	EndGlobalSection
	GlobalSection(ProjectConfigurationPlatforms) = postSolution
		{4995E27A-30F1-44EA-BE4F-D854EAC6062D}.Debug|Any CPU.ActiveCfg = Debug|Any CPU
		{4995E27A-30F1-44EA-BE4F-D854EAC6062D}.Debug|Any CPU.Build.0 = Debug|Any CPU
		{4995E27A-30F1-44EA-BE4F-D854EAC6062D}.Release|Any CPU.ActiveCfg = Release|Any CPU
		{4995E27A-30F1-44EA-BE4F-D854EAC6062D}.Release|Any CPU.Build.0 = Release|Any CPU
	EndGlobalSection
	GlobalSection(SolutionProperties) = preSolution
		HideSolutionNode = FALSE
	EndGlobalSection
	GlobalSection(ExtensibilityGlobals) = postSolution
		SolutionGuid = {97A5D1E3-4CE9-43DD-BABC-64B2852486C1}
	EndGlobalSection
EndGlobal
